{
  "originHash" : "0018be5378cf3a85e020b7ff48f716e97700daf8b73b486b21c948a883980538",
  "pins" : [
    {
      "identity" : "swift-asn1",
      "kind" : "remoteSourceControl",
      "location" : "https://github.com/apple/swift-asn1.git",
      "state" : {
        "revision" : "ae33e5941bb88d88538d0a6b19ca0b01e6c76dcf",
        "version" : "1.3.1"
      }
    },
    {
      "identity" : "swift-crypto",
      "kind" : "remoteSourceControl",
      "location" : "https://github.com/apple/swift-crypto.git",
      "state" : {
        "revision" : "ff0f781cf7c6a22d52957e50b104f5768b50c779",
        "version" : "3.10.0"
      }
    },
    {
      "identity" : "swiftdateoperations",
      "kind" : "remoteSourceControl",
      "location" : "https://github.com/TelemetryDeck/SwiftDateOperations.git",
      "state" : {
        "revision" : "ae414202ac985cf9bb78244ba365e82d1d9e7a4c",
        "version" : "2.0.1"
      }
    }
  ],
  "version" : 3
}
