{
  "object": {
    "pins": [
      {
        "package": "DateOperations",
        "repositoryURL": "git@github.com:TelemetryDeck/SwiftDateOperations.git",
        "state": {
          "branch": null,
          "revision": "1e7d156746b12fa01c8965a8474d0fc145fb533a",
          "version": "1.0.2"
        }
      }
    ]
  },
  "version": 1
}
